
Microsoft Visual Studio Solution File, Format Version 12.00
# Visual Studio Version 16
VisualStudioVersion = 16.0.31911.196
MinimumVisualStudioVersion = 10.0.40219.1
Project("{FAE04EC0-301F-11D3-BF4B-00C04F79EFBC}") = "DockerApp", "DockerApp.csproj", "{8F576FD6-C120-4074-83B5-5BE4443F8116}"
EndProject
Global
	GlobalSection(SolutionConfigurationPlatforms) = preSolution
		Debug|Any CPU = Debug|Any CPU
		Release|Any CPU = Release|Any CPU
	EndGlobalSection
	GlobalSection(ProjectConfigurationPlatforms) = postSolution
		{8F576FD6-C120-4074-83B5-5BE4443F8116}.Debug|Any CPU.ActiveCfg = Debug|Any CPU
		{8F576FD6-C120-4074-83B5-5BE4443F8116}.Debug|Any CPU.Build.0 = Debug|Any CPU
		{8F576FD6-C120-4074-83B5-5BE4443F8116}.Release|Any CPU.ActiveCfg = Release|Any CPU
		{8F576FD6-C120-4074-83B5-5BE4443F8116}.Release|Any CPU.Build.0 = Release|Any CPU
	EndGlobalSection
	GlobalSection(SolutionProperties) = preSolution
		HideSolutionNode = FALSE
	EndGlobalSection
	GlobalSection(ExtensibilityGlobals) = postSolution
		SolutionGuid = {39E389CC-2087-4FE8-B242-3AD19B498657}
	EndGlobalSection
EndGlobal
